
Microsoft Visual Studio Solution File, Format Version 12.00
# Visual Studio Version 16
VisualStudioVersion = 16.0.31624.102
MinimumVisualStudioVersion = 10.0.40219.1
Project("{FAE04EC0-301F-11D3-BF4B-00C04F79EFBC}") = "ONT2000 Project 1 2021", "ONT2000 Project 1 2021\ONT2000 Project 1 2021.csproj", "{15B11FA8-C38B-42D7-8641-0A54C24BAA73}"
EndProject
Global
	GlobalSection(SolutionConfigurationPlatforms) = preSolution
		Debug|Any CPU = Debug|Any CPU
		Release|Any CPU = Release|Any CPU
	EndGlobalSection
	GlobalSection(ProjectConfigurationPlatforms) = postSolution
		{15B11FA8-C38B-42D7-8641-0A54C24BAA73}.Debug|Any CPU.ActiveCfg = Debug|Any CPU
		{15B11FA8-C38B-42D7-8641-0A54C24BAA73}.Debug|Any CPU.Build.0 = Debug|Any CPU
		{15B11FA8-C38B-42D7-8641-0A54C24BAA73}.Release|Any CPU.ActiveCfg = Release|Any CPU
		{15B11FA8-C38B-42D7-8641-0A54C24BAA73}.Release|Any CPU.Build.0 = Release|Any CPU
	EndGlobalSection
	GlobalSection(SolutionProperties) = preSolution
		HideSolutionNode = FALSE
	EndGlobalSection
	GlobalSection(ExtensibilityGlobals) = postSolution
		SolutionGuid = {35479E8F-4DFA-4B2D-AC68-E094F2709AB4}
	EndGlobalSection
EndGlobal
